Microsoft Visual Studio Solution File, Format Version 12.00
# Visual Studio Version 17
VisualStudioVersion = 17.5.2.0
MinimumVisualStudioVersion = 10.0.40219.1
Project("{FAE04EC0-301F-11D3-BF4B-00C04F79EFBC}") = "programa00", "programa00\programa00.csproj", "{8517368A-DDD5-ADD3-0D03-81078D64306C}"
EndProject
Project("{FAE04EC0-301F-11D3-BF4B-00C04F79EFBC}") = "programa01", "programa01\programa01.csproj", "{BA3EBC8E-4AF0-FC8E-9AB0-84D367D6DE17}"
EndProject
Project("{FAE04EC0-301F-11D3-BF4B-00C04F79EFBC}") = "programa02", "programa02\programa02.csproj", "{C4BB392A-1ACD-423A-30C4-22A978248AC1}"
EndProject
Project("{FAE04EC0-301F-11D3-BF4B-00C04F79EFBC}") = "programa03", "programa03\programa03.csproj", "{DECB8D63-D22A-BAFF-424C-A6FF4CEA5C4B}"
EndProject
Project("{FAE04EC0-301F-11D3-BF4B-00C04F79EFBC}") = "programa04", "programa04\programa04.csproj", "{77851321-B27A-EE14-FA83-7760A57BA888}"
EndProject
Project("{FAE04EC0-301F-11D3-BF4B-00C04F79EFBC}") = "programa05", "programa05\programa05.csproj", "{8948EC42-CC13-C25F-9C42-24DD5A4529F8}"
EndProject
Project("{FAE04EC0-301F-11D3-BF4B-00C04F79EFBC}") = "programa06", "programa06\programa06.csproj", "{8C654B32-3BFA-AE25-D234-E032E1E44233}"
EndProject
Project("{FAE04EC0-301F-11D3-BF4B-00C04F79EFBC}") = "programa07", "programa07\programa07.csproj", "{DF4DC8A9-9C28-1B49-5BC3-6C7D369F6F0D}"
EndProject
Global
	GlobalSection(SolutionConfigurationPlatforms) = preSolution
		Debug|Any CPU = Debug|Any CPU
		Release|Any CPU = Release|Any CPU
	EndGlobalSection
	GlobalSection(ProjectConfigurationPlatforms) = postSolution
		{8517368A-DDD5-ADD3-0D03-81078D64306C}.Debug|Any CPU.ActiveCfg = Debug|Any CPU
		{8517368A-DDD5-ADD3-0D03-81078D64306C}.Debug|Any CPU.Build.0 = Debug|Any CPU
		{8517368A-DDD5-ADD3-0D03-81078D64306C}.Release|Any CPU.ActiveCfg = Release|Any CPU
		{8517368A-DDD5-ADD3-0D03-81078D64306C}.Release|Any CPU.Build.0 = Release|Any CPU
		{BA3EBC8E-4AF0-FC8E-9AB0-84D367D6DE17}.Debug|Any CPU.ActiveCfg = Debug|Any CPU
		{BA3EBC8E-4AF0-FC8E-9AB0-84D367D6DE17}.Debug|Any CPU.Build.0 = Debug|Any CPU
		{BA3EBC8E-4AF0-FC8E-9AB0-84D367D6DE17}.Release|Any CPU.ActiveCfg = Release|Any CPU
		{BA3EBC8E-4AF0-FC8E-9AB0-84D367D6DE17}.Release|Any CPU.Build.0 = Release|Any CPU
		{C4BB392A-1ACD-423A-30C4-22A978248AC1}.Debug|Any CPU.ActiveCfg = Debug|Any CPU
		{C4BB392A-1ACD-423A-30C4-22A978248AC1}.Debug|Any CPU.Build.0 = Debug|Any CPU
		{C4BB392A-1ACD-423A-30C4-22A978248AC1}.Release|Any CPU.ActiveCfg = Release|Any CPU
		{C4BB392A-1ACD-423A-30C4-22A978248AC1}.Release|Any CPU.Build.0 = Release|Any CPU
		{DECB8D63-D22A-BAFF-424C-A6FF4CEA5C4B}.Debug|Any CPU.ActiveCfg = Debug|Any CPU
		{DECB8D63-D22A-BAFF-424C-A6FF4CEA5C4B}.Debug|Any CPU.Build.0 = Debug|Any CPU
		{DECB8D63-D22A-BAFF-424C-A6FF4CEA5C4B}.Release|Any CPU.ActiveCfg = Release|Any CPU
		{DECB8D63-D22A-BAFF-424C-A6FF4CEA5C4B}.Release|Any CPU.Build.0 = Release|Any CPU
		{77851321-B27A-EE14-FA83-7760A57BA888}.Debug|Any CPU.ActiveCfg = Debug|Any CPU
		{77851321-B27A-EE14-FA83-7760A57BA888}.Debug|Any CPU.Build.0 = Debug|Any CPU
		{77851321-B27A-EE14-FA83-7760A57BA888}.Release|Any CPU.ActiveCfg = Release|Any CPU
		{77851321-B27A-EE14-FA83-7760A57BA888}.Release|Any CPU.Build.0 = Release|Any CPU
		{8948EC42-CC13-C25F-9C42-24DD5A4529F8}.Debug|Any CPU.ActiveCfg = Debug|Any CPU
		{8948EC42-CC13-C25F-9C42-24DD5A4529F8}.Debug|Any CPU.Build.0 = Debug|Any CPU
		{8948EC42-CC13-C25F-9C42-24DD5A4529F8}.Release|Any CPU.ActiveCfg = Release|Any CPU
		{8948EC42-CC13-C25F-9C42-24DD5A4529F8}.Release|Any CPU.Build.0 = Release|Any CPU
		{8C654B32-3BFA-AE25-D234-E032E1E44233}.Debug|Any CPU.ActiveCfg = Debug|Any CPU
		{8C654B32-3BFA-AE25-D234-E032E1E44233}.Debug|Any CPU.Build.0 = Debug|Any CPU
		{8C654B32-3BFA-AE25-D234-E032E1E44233}.Release|Any CPU.ActiveCfg = Release|Any CPU
		{8C654B32-3BFA-AE25-D234-E032E1E44233}.Release|Any CPU.Build.0 = Release|Any CPU
		{DF4DC8A9-9C28-1B49-5BC3-6C7D369F6F0D}.Debug|Any CPU.ActiveCfg = Debug|Any CPU
		{DF4DC8A9-9C28-1B49-5BC3-6C7D369F6F0D}.Debug|Any CPU.Build.0 = Debug|Any CPU
		{DF4DC8A9-9C28-1B49-5BC3-6C7D369F6F0D}.Release|Any CPU.ActiveCfg = Release|Any CPU
		{DF4DC8A9-9C28-1B49-5BC3-6C7D369F6F0D}.Release|Any CPU.Build.0 = Release|Any CPU
	EndGlobalSection
	GlobalSection(SolutionProperties) = preSolution
		HideSolutionNode = FALSE
	EndGlobalSection
	GlobalSection(ExtensibilityGlobals) = postSolution
		SolutionGuid = {974E3CFC-FCB2-4B73-8DC8-FC678B0D7785}
	EndGlobalSection
EndGlobal
